PODS:
  - Flutter (1.0.0)
  - FlutterPluginRegistrant (0.0.1):
    - Flutter

DEPENDENCIES:
  - Flutter (from `../flutterlib/.ios/Flutter/engine`)
  - FlutterPluginRegistrant (from `../flutterlib/.ios/Flutter/FlutterPluginRegistrant`)

EXTERNAL SOURCES:
  Flutter:
    :path: "../flutterlib/.ios/Flutter/engine"
  FlutterPluginRegistrant:
    :path: "../flutterlib/.ios/Flutter/FlutterPluginRegistrant"

SPEC CHECKSUMS:
  Flutter: 58dd7d1b27887414a370fcccb9e645c08ffd7a6a
  FlutterPluginRegistrant: 8855ca2b426d228cb41aa6c26c0c83b8c49e3593

PODFILE CHECKSUM: 99e68889bdbb5b976219c275bc4de17ecce5342b

COCOAPODS: 1.7.4
