// !$*UTF8*$!
{
	archiveVersion = 1;
	classes = {
	};
	objectVersion = 51;
	objects = {

/* Begin PBXBuildFile section */
		A96E48F922F9557900EDBBAC /* AppDelegate.m in Sources */ = {isa = PBXBuildFile; fileRef = A96E48F822F9557900EDBBAC /* AppDelegate.m */; };
		A96E48FC22F9557900EDBBAC /* ViewController.m in Sources */ = {isa = PBXBuildFile; fileRef = A96E48FB22F9557900EDBBAC /* ViewController.m */; };
		A96E48FF22F9557900EDBBAC /* Main.storyboard in Resources */ = {isa = PBXBuildFile; fileRef = A96E48FD22F9557900EDBBAC /* Main.storyboard */; };
		A96E490122F9557B00EDBBAC /* Assets.xcassets in Resources */ = {isa = PBXBuildFile; fileRef = A96E490022F9557B00EDBBAC /* Assets.xcassets */; };
		A96E490422F9557B00EDBBAC /* LaunchScreen.storyboard in Resources */ = {isa = PBXBuildFile; fileRef = A96E490222F9557B00EDBBAC /* LaunchScreen.storyboard */; };
		A96E490722F9557B00EDBBAC /* main.m in Sources */ = {isa = PBXBuildFile; fileRef = A96E490622F9557B00EDBBAC /* main.m */; };
		A96E491322F99E6A00EDBBAC /* TestSwfit.swift in Sources */ = {isa = PBXBuildFile; fileRef = A96E491222F99E6A00EDBBAC /* TestSwfit.swift */; };
		FB5FE721DFEEAF004D16BD0F /* Pods_Flutter_Test.framework in Frameworks */ = {isa = PBXBuildFile; fileRef = E04D79B3B281BAE6F4A448C0 /* Pods_Flutter_Test.framework */; };
/* End PBXBuildFile section */

/* Begin PBXFileReference section */
		A96E48F422F9557900EDBBAC /* Flutter_Test.app */ = {isa = PBXFileReference; explicitFileType = wrapper.application; includeInIndex = 0; path = Flutter_Test.app; sourceTree = BUILT_PRODUCTS_DIR; };
		A96E48F722F9557900EDBBAC /* AppDelegate.h */ = {isa = PBXFileReference; lastKnownFileType = sourcecode.c.h; path = AppDelegate.h; sourceTree = "<group>"; };
		A96E48F822F9557900EDBBAC /* AppDelegate.m */ = {isa = PBXFileReference; lastKnownFileType = sourcecode.c.objc; path = AppDelegate.m; sourceTree = "<group>"; };
		A96E48FA22F9557900EDBBAC /* ViewController.h */ = {isa = PBXFileReference; lastKnownFileType = sourcecode.c.h; path = ViewController.h; sourceTree = "<group>"; };
		A96E48FB22F9557900EDBBAC /* ViewController.m */ = {isa = PBXFileReference; lastKnownFileType = sourcecode.c.objc; path = ViewController.m; sourceTree = "<group>"; };
		A96E48FE22F9557900EDBBAC /* Base */ = {isa = PBXFileReference; lastKnownFileType = file.storyboard; name = Base; path = Base.lproj/Main.storyboard; sourceTree = "<group>"; };
		A96E490022F9557B00EDBBAC /* Assets.xcassets */ = {isa = PBXFileReference; lastKnownFileType = folder.assetcatalog; path = Assets.xcassets; sourceTree = "<group>"; };
		A96E490322F9557B00EDBBAC /* Base */ = {isa = PBXFileReference; lastKnownFileType = file.storyboard; name = Base; path = Base.lproj/LaunchScreen.storyboard; sourceTree = "<group>"; };
		A96E490522F9557B00EDBBAC /* Info.plist */ = {isa = PBXFileReference; lastKnownFileType = text.plist.xml; path = Info.plist; sourceTree = "<group>"; };
		A96E490622F9557B00EDBBAC /* main.m */ = {isa = PBXFileReference; lastKnownFileType = sourcecode.c.objc; path = main.m; sourceTree = "<group>"; };
		A96E491122F99E6A00EDBBAC /* Flutter_Test-Bridging-Header.h */ = {isa = PBXFileReference; lastKnownFileType = sourcecode.c.h; path = "Flutter_Test-Bridging-Header.h"; sourceTree = "<group>"; };
		A96E491222F99E6A00EDBBAC /* TestSwfit.swift */ = {isa = PBXFileReference; lastKnownFileType = sourcecode.swift; path = TestSwfit.swift; sourceTree = "<group>"; };
		DED37130A640C5ECE0AC562E /* Pods-Flutter_Test.release.xcconfig */ = {isa = PBXFileReference; includeInIndex = 1; lastKnownFileType = text.xcconfig; name = "Pods-Flutter_Test.release.xcconfig"; path = "Target Support Files/Pods-Flutter_Test/Pods-Flutter_Test.release.xcconfig"; sourceTree = "<group>"; };
		E04D79B3B281BAE6F4A448C0 /* Pods_Flutter_Test.framework */ = {isa = PBXFileReference; explicitFileType = wrapper.framework; includeInIndex = 0; path = Pods_Flutter_Test.framework; sourceTree = BUILT_PRODUCTS_DIR; };
		E278C8DA0C14E308DDDFB622 /* Pods-Flutter_Test.debug.xcconfig */ = {isa = PBXFileReference; includeInIndex = 1; lastKnownFileType = text.xcconfig; name = "Pods-Flutter_Test.debug.xcconfig"; path = "Target Support Files/Pods-Flutter_Test/Pods-Flutter_Test.debug.xcconfig"; sourceTree = "<group>"; };
/* End PBXFileReference section */

/* Begin PBXFrameworksBuildPhase section */
		A96E48F122F9557900EDBBAC /* Frameworks */ = {
			isa = PBXFrameworksBuildPhase;
			buildActionMask = 2147483647;
			files = (
				FB5FE721DFEEAF004D16BD0F /* Pods_Flutter_Test.framework in Frameworks */,
			);
			runOnlyForDeploymentPostprocessing = 0;
		};
/* End PBXFrameworksBuildPhase section */

/* Begin PBXGroup section */
		A96E48EB22F9557900EDBBAC = {
			isa = PBXGroup;
			children = (
				A96E48F622F9557900EDBBAC /* Flutter_Test */,
				A96E48F522F9557900EDBBAC /* Products */,
				EF0A8F1FEF7174F34654EE1D /* Pods */,
				E7B97382F55404409291C8D8 /* Frameworks */,
			);
			sourceTree = "<group>";
		};
		A96E48F522F9557900EDBBAC /* Products */ = {
			isa = PBXGroup;
			children = (
				A96E48F422F9557900EDBBAC /* Flutter_Test.app */,
			);
			name = Products;
			sourceTree = "<group>";
		};
		A96E48F622F9557900EDBBAC /* Flutter_Test */ = {
			isa = PBXGroup;
			children = (
				A96E48F722F9557900EDBBAC /* AppDelegate.h */,
				A96E48F822F9557900EDBBAC /* AppDelegate.m */,
				A96E48FA22F9557900EDBBAC /* ViewController.h */,
				A96E48FB22F9557900EDBBAC /* ViewController.m */,
				A96E48FD22F9557900EDBBAC /* Main.storyboard */,
				A96E490022F9557B00EDBBAC /* Assets.xcassets */,
				A96E490222F9557B00EDBBAC /* LaunchScreen.storyboard */,
				A96E490522F9557B00EDBBAC /* Info.plist */,
				A96E490622F9557B00EDBBAC /* main.m */,
				A96E491222F99E6A00EDBBAC /* TestSwfit.swift */,
				A96E491122F99E6A00EDBBAC /* Flutter_Test-Bridging-Header.h */,
			);
			path = Flutter_Test;
			sourceTree = "<group>";
		};
		E7B97382F55404409291C8D8 /* Frameworks */ = {
			isa = PBXGroup;
			children = (
				E04D79B3B281BAE6F4A448C0 /* Pods_Flutter_Test.framework */,
			);
			name = Frameworks;
			sourceTree = "<group>";
		};
		EF0A8F1FEF7174F34654EE1D /* Pods */ = {
			isa = PBXGroup;
			children = (
				E278C8DA0C14E308DDDFB622 /* Pods-Flutter_Test.debug.xcconfig */,
				DED37130A640C5ECE0AC562E /* Pods-Flutter_Test.release.xcconfig */,
			);
			path = Pods;
			sourceTree = "<group>";
		};
/* End PBXGroup section */

/* Begin PBXNativeTarget section */
		A96E48F322F9557900EDBBAC /* Flutter_Test */ = {
			isa = PBXNativeTarget;
			buildConfigurationList = A96E490A22F9557B00EDBBAC /* Build configuration list for PBXNativeTarget "Flutter_Test" */;
			buildPhases = (
				CED1C040B6D23807471E4B75 /* [CP] Check Pods Manifest.lock */,
				A96E490D22F956F200EDBBAC /* ShellScript */,
				A96E48F022F9557900EDBBAC /* Sources */,
				A96E48F122F9557900EDBBAC /* Frameworks */,
				A96E48F222F9557900EDBBAC /* Resources */,
				A9B77EA7D04217C1F2AE35AE /* [CP] Embed Pods Frameworks */,
			);
			buildRules = (
			);
			dependencies = (
			);
			name = Flutter_Test;
			productName = Flutter_Test;
			productReference = A96E48F422F9557900EDBBAC /* Flutter_Test.app */;
			productType = "com.apple.product-type.application";
		};
/* End PBXNativeTarget section */

/* Begin PBXProject section */
		A96E48EC22F9557900EDBBAC /* Project object */ = {
			isa = PBXProject;
			attributes = {
				LastUpgradeCheck = 1010;
				ORGANIZATIONNAME = Bill;
				TargetAttributes = {
					A96E48F322F9557900EDBBAC = {
						CreatedOnToolsVersion = 10.1;
						LastSwiftMigration = 1010;
					};
				};
			};
			buildConfigurationList = A96E48EF22F9557900EDBBAC /* Build configuration list for PBXProject "Flutter_Test" */;
			compatibilityVersion = "Xcode 9.3";
			developmentRegion = en;
			hasScannedForEncodings = 0;
			knownRegions = (
				en,
				Base,
			);
			mainGroup = A96E48EB22F9557900EDBBAC;
			productRefGroup = A96E48F522F9557900EDBBAC /* Products */;
			projectDirPath = "";
			projectRoot = "";
			targets = (
				A96E48F322F9557900EDBBAC /* Flutter_Test */,
			);
		};
/* End PBXProject section */

/* Begin PBXResourcesBuildPhase section */
		A96E48F222F9557900EDBBAC /* Resources */ = {
			isa = PBXResourcesBuildPhase;
			buildActionMask = 2147483647;
			files = (
				A96E490422F9557B00EDBBAC /* LaunchScreen.storyboard in Resources */,
				A96E490122F9557B00EDBBAC /* Assets.xcassets in Resources */,
				A96E48FF22F9557900EDBBAC /* Main.storyboard in Resources */,
			);
			runOnlyForDeploymentPostprocessing = 0;
		};
/* End PBXResourcesBuildPhase section */

/* Begin PBXShellScriptBuildPhase section */
		A96E490D22F956F200EDBBAC /* ShellScript */ = {
			isa = PBXShellScriptBuildPhase;
			buildActionMask = 2147483647;
			files = (
			);
			inputFileListPaths = (
			);
			inputPaths = (
			);
			outputFileListPaths = (
			);
			outputPaths = (
			);
			runOnlyForDeploymentPostprocessing = 0;
			shellPath = /bin/sh;
			shellScript = "\"$FLUTTER_ROOT/packages/flutter_tools/bin/xcode_backend.sh\" build\n\"$FLUTTER_ROOT/packages/flutter_tools/bin/xcode_backend.sh\" embed\n";
		};
		A9B77EA7D04217C1F2AE35AE /* [CP] Embed Pods Frameworks */ = {
			isa = PBXShellScriptBuildPhase;
			buildActionMask = 2147483647;
			files = (
			);
			inputFileListPaths = (
				"${PODS_ROOT}/Target Support Files/Pods-Flutter_Test/Pods-Flutter_Test-frameworks-${CONFIGURATION}-input-files.xcfilelist",
			);
			name = "[CP] Embed Pods Frameworks";
			outputFileListPaths = (
				"${PODS_ROOT}/Target Support Files/Pods-Flutter_Test/Pods-Flutter_Test-frameworks-${CONFIGURATION}-output-files.xcfilelist",
			);
			runOnlyForDeploymentPostprocessing = 0;
			shellPath = /bin/sh;
			shellScript = "\"${PODS_ROOT}/Target Support Files/Pods-Flutter_Test/Pods-Flutter_Test-frameworks.sh\"\n";
			showEnvVarsInLog = 0;
		};
		CED1C040B6D23807471E4B75 /* [CP] Check Pods Manifest.lock */ = {
			isa = PBXShellScriptBuildPhase;
			buildActionMask = 2147483647;
			files = (
			);
			inputFileListPaths = (
			);
			inputPaths = (
				"${PODS_PODFILE_DIR_PATH}/Podfile.lock",
				"${PODS_ROOT}/Manifest.lock",
			);
			name = "[CP] Check Pods Manifest.lock";
			outputFileListPaths = (
			);
			outputPaths = (
				"$(DERIVED_FILE_DIR)/Pods-Flutter_Test-checkManifestLockResult.txt",
			);
			runOnlyForDeploymentPostprocessing = 0;
			shellPath = /bin/sh;
			shellScript = "diff \"${PODS_PODFILE_DIR_PATH}/Podfile.lock\" \"${PODS_ROOT}/Manifest.lock\" > /dev/null\nif [ $? != 0 ] ; then\n    # print error to STDERR\n    echo \"error: The sandbox is not in sync with the Podfile.lock. Run 'pod install' or update your CocoaPods installation.\" >&2\n    exit 1\nfi\n# This output is used by Xcode 'outputs' to avoid re-running this script phase.\necho \"SUCCESS\" > \"${SCRIPT_OUTPUT_FILE_0}\"\n";
			showEnvVarsInLog = 0;
		};
/* End PBXShellScriptBuildPhase section */

/* Begin PBXSourcesBuildPhase section */
		A96E48F022F9557900EDBBAC /* Sources */ = {
			isa = PBXSourcesBuildPhase;
			buildActionMask = 2147483647;
			files = (
				A96E48FC22F9557900EDBBAC /* ViewController.m in Sources */,
				A96E490722F9557B00EDBBAC /* main.m in Sources */,
				A96E48F922F9557900EDBBAC /* AppDelegate.m in Sources */,
				A96E491322F99E6A00EDBBAC /* TestSwfit.swift in Sources */,
			);
			runOnlyForDeploymentPostprocessing = 0;
		};
/* End PBXSourcesBuildPhase section */

/* Begin PBXVariantGroup section */
		A96E48FD22F9557900EDBBAC /* Main.storyboard */ = {
			isa = PBXVariantGroup;
			children = (
				A96E48FE22F9557900EDBBAC /* Base */,
			);
			name = Main.storyboard;
			sourceTree = "<group>";
		};
		A96E490222F9557B00EDBBAC /* LaunchScreen.storyboard */ = {
			isa = PBXVariantGroup;
			children = (
				A96E490322F9557B00EDBBAC /* Base */,
			);
			name = LaunchScreen.storyboard;
			sourceTree = "<group>";
		};
/* End PBXVariantGroup section */

/* Begin XCBuildConfiguration section */
		A96E490822F9557B00EDBBAC /* Debug */ = {
			isa = XCBuildConfiguration;
			buildSettings = {
				ALWAYS_SEARCH_USER_PATHS = NO;
				CLANG_ANALYZER_NONNULL = YES;
				CLANG_ANALYZER_NUMBER_OBJECT_CONVERSION = YES_AGGRESSIVE;
				CLANG_CXX_LANGUAGE_STANDARD = "gnu++14";
				CLANG_CXX_LIBRARY = "libc++";
				CLANG_ENABLE_MODULES = YES;
				CLANG_ENABLE_OBJC_ARC = YES;
				CLANG_ENABLE_OBJC_WEAK = YES;
				CLANG_WARN_BLOCK_CAPTURE_AUTORELEASING = YES;
				CLANG_WARN_BOOL_CONVERSION = YES;
				CLANG_WARN_COMMA = YES;
				CLANG_WARN_CONSTANT_CONVERSION = YES;
				CLANG_WARN_DEPRECATED_OBJC_IMPLEMENTATIONS = YES;
				CLANG_WARN_DIRECT_OBJC_ISA_USAGE = YES_ERROR;
				CLANG_WARN_DOCUMENTATION_COMMENTS = YES;
				CLANG_WARN_EMPTY_BODY = YES;
				CLANG_WARN_ENUM_CONVERSION = YES;
				CLANG_WARN_INFINITE_RECURSION = YES;
				CLANG_WARN_INT_CONVERSION = YES;
				CLANG_WARN_NON_LITERAL_NULL_CONVERSION = YES;
				CLANG_WARN_OBJC_IMPLICIT_RETAIN_SELF = YES;
				CLANG_WARN_OBJC_LITERAL_CONVERSION = YES;
				CLANG_WARN_OBJC_ROOT_CLASS = YES_ERROR;
				CLANG_WARN_RANGE_LOOP_ANALYSIS = YES;
				CLANG_WARN_STRICT_PROTOTYPES = YES;
				CLANG_WARN_SUSPICIOUS_MOVE = YES;
				CLANG_WARN_UNGUARDED_AVAILABILITY = YES_AGGRESSIVE;
				CLANG_WARN_UNREACHABLE_CODE = YES;
				CLANG_WARN__DUPLICATE_METHOD_MATCH = YES;
				CODE_SIGN_IDENTITY = "iPhone Developer";
				COPY_PHASE_STRIP = NO;
				DEBUG_INFORMATION_FORMAT = dwarf;
				ENABLE_STRICT_OBJC_MSGSEND = YES;
				ENABLE_TESTABILITY = YES;
				GCC_C_LANGUAGE_STANDARD = gnu11;
				GCC_DYNAMIC_NO_PIC = NO;
				GCC_NO_COMMON_BLOCKS = YES;
				GCC_OPTIMIZATION_LEVEL = 0;
				GCC_PREPROCESSOR_DEFINITIONS = (
					"DEBUG=1",
					"$(inherited)",
				);
				GCC_WARN_64_TO_32_BIT_CONVERSION = YES;
				GCC_WARN_ABOUT_RETURN_TYPE = YES_ERROR;
				GCC_WARN_UNDECLARED_SELECTOR = YES;
				GCC_WARN_UNINITIALIZED_AUTOS = YES_AGGRESSIVE;
				GCC_WARN_UNUSED_FUNCTION = YES;
				GCC_WARN_UNUSED_VARIABLE = YES;
				IPHONEOS_DEPLOYMENT_TARGET = 10.0;
				MTL_ENABLE_DEBUG_INFO = INCLUDE_SOURCE;
				MTL_FAST_MATH = YES;
				ONLY_ACTIVE_ARCH = YES;
				SDKROOT = iphoneos;
			};
			name = Debug;
		};
		A96E490922F9557B00EDBBAC /* Release */ = {
			isa = XCBuildConfiguration;
			buildSettings = {
				ALWAYS_SEARCH_USER_PATHS = NO;
				CLANG_ANALYZER_NONNULL = YES;
				CLANG_ANALYZER_NUMBER_OBJECT_CONVERSION = YES_AGGRESSIVE;
				CLANG_CXX_LANGUAGE_STANDARD = "gnu++14";
				CLANG_CXX_LIBRARY = "libc++";
				CLANG_ENABLE_MODULES = YES;
				CLANG_ENABLE_OBJC_ARC = YES;
				CLANG_ENABLE_OBJC_WEAK = YES;
				CLANG_WARN_BLOCK_CAPTURE_AUTORELEASING = YES;
				CLANG_WARN_BOOL_CONVERSION = YES;
				CLANG_WARN_COMMA = YES;
				CLANG_WARN_CONSTANT_CONVERSION = YES;
				CLANG_WARN_DEPRECATED_OBJC_IMPLEMENTATIONS = YES;
				CLANG_WARN_DIRECT_OBJC_ISA_USAGE = YES_ERROR;
				CLANG_WARN_DOCUMENTATION_COMMENTS = YES;
				CLANG_WARN_EMPTY_BODY = YES;
				CLANG_WARN_ENUM_CONVERSION = YES;
				CLANG_WARN_INFINITE_RECURSION = YES;
				CLANG_WARN_INT_CONVERSION = YES;
				CLANG_WARN_NON_LITERAL_NULL_CONVERSION = YES;
				CLANG_WARN_OBJC_IMPLICIT_RETAIN_SELF = YES;
				CLANG_WARN_OBJC_LITERAL_CONVERSION = YES;
				CLANG_WARN_OBJC_ROOT_CLASS = YES_ERROR;
				CLANG_WARN_RANGE_LOOP_ANALYSIS = YES;
				CLANG_WARN_STRICT_PROTOTYPES = YES;
				CLANG_WARN_SUSPICIOUS_MOVE = YES;
				CLANG_WARN_UNGUARDED_AVAILABILITY = YES_AGGRESSIVE;
				CLANG_WARN_UNREACHABLE_CODE = YES;
				CLANG_WARN__DUPLICATE_METHOD_MATCH = YES;
				CODE_SIGN_IDENTITY = "iPhone Developer";
				COPY_PHASE_STRIP = NO;
				DEBUG_INFORMATION_FORMAT = "dwarf-with-dsym";
				ENABLE_NS_ASSERTIONS = NO;
				ENABLE_STRICT_OBJC_MSGSEND = YES;
				GCC_C_LANGUAGE_STANDARD = gnu11;
				GCC_NO_COMMON_BLOCKS = YES;
				GCC_WARN_64_TO_32_BIT_CONVERSION = YES;
				GCC_WARN_ABOUT_RETURN_TYPE = YES_ERROR;
				GCC_WARN_UNDECLARED_SELECTOR = YES;
				GCC_WARN_UNINITIALIZED_AUTOS = YES_AGGRESSIVE;
				GCC_WARN_UNUSED_FUNCTION = YES;
				GCC_WARN_UNUSED_VARIABLE = YES;
				IPHONEOS_DEPLOYMENT_TARGET = 10.0;
				MTL_ENABLE_DEBUG_INFO = NO;
				MTL_FAST_MATH = YES;
				SDKROOT = iphoneos;
				VALIDATE_PRODUCT = YES;
			};
			name = Release;
		};
		A96E490B22F9557B00EDBBAC /* Debug */ = {
			isa = XCBuildConfiguration;
			baseConfigurationReference = E278C8DA0C14E308DDDFB622 /* Pods-Flutter_Test.debug.xcconfig */;
			buildSettings = {
				ASSETCATALOG_COMPILER_APPICON_NAME = AppIcon;
				CLANG_ENABLE_MODULES = YES;
				CODE_SIGN_STYLE = Automatic;
				DEVELOPMENT_TEAM = 59N43HF7R3;
				ENABLE_BITCODE = NO;
				FLUTTER_ROOT = "$SRCROOT/flutter";
				INFOPLIST_FILE = Flutter_Test/Info.plist;
				LD_RUNPATH_SEARCH_PATHS = (
					"$(inherited)",
					"@executable_path/Frameworks",
				);
				PRODUCT_BUNDLE_IDENTIFIER = "com.business.Flutter-Test";
				PRODUCT_NAME = "$(TARGET_NAME)";
				SWIFT_OBJC_BRIDGING_HEADER = "Flutter_Test/Flutter_Test-Bridging-Header.h";
				SWIFT_OPTIMIZATION_LEVEL = "-Onone";
				SWIFT_VERSION = 4.2;
				TARGETED_DEVICE_FAMILY = "1,2";
			};
			name = Debug;
		};
		A96E490C22F9557B00EDBBAC /* Release */ = {
			isa = XCBuildConfiguration;
			baseConfigurationReference = DED37130A640C5ECE0AC562E /* Pods-Flutter_Test.release.xcconfig */;
			buildSettings = {
				ASSETCATALOG_COMPILER_APPICON_NAME = AppIcon;
				CLANG_ENABLE_MODULES = YES;
				CODE_SIGN_STYLE = Automatic;
				DEVELOPMENT_TEAM = 59N43HF7R3;
				ENABLE_BITCODE = NO;
				FLUTTER_ROOT = "$SRCROOT/flutter";
				INFOPLIST_FILE = Flutter_Test/Info.plist;
				LD_RUNPATH_SEARCH_PATHS = (
					"$(inherited)",
					"@executable_path/Frameworks",
				);
				PRODUCT_BUNDLE_IDENTIFIER = "com.business.Flutter-Test";
				PRODUCT_NAME = "$(TARGET_NAME)";
				SWIFT_OBJC_BRIDGING_HEADER = "Flutter_Test/Flutter_Test-Bridging-Header.h";
				SWIFT_VERSION = 4.2;
				TARGETED_DEVICE_FAMILY = "1,2";
			};
			name = Release;
		};
/* End XCBuildConfiguration section */

/* Begin XCConfigurationList section */
		A96E48EF22F9557900EDBBAC /* Build configuration list for PBXProject "Flutter_Test" */ = {
			isa = XCConfigurationList;
			buildConfigurations = (
				A96E490822F9557B00EDBBAC /* Debug */,
				A96E490922F9557B00EDBBAC /* Release */,
			);
			defaultConfigurationIsVisible = 0;
			defaultConfigurationName = Release;
		};
		A96E490A22F9557B00EDBBAC /* Build configuration list for PBXNativeTarget "Flutter_Test" */ = {
			isa = XCConfigurationList;
			buildConfigurations = (
				A96E490B22F9557B00EDBBAC /* Debug */,
				A96E490C22F9557B00EDBBAC /* Release */,
			);
			defaultConfigurationIsVisible = 0;
			defaultConfigurationName = Release;
		};
/* End XCConfigurationList section */
	};
	rootObject = A96E48EC22F9557900EDBBAC /* Project object */;
}
